// !$*UTF8*$!
{
	archiveVersion = 1;
	classes = {
	};
	objectVersion = 50;
	objects = {

/* Begin PBXBuildFile section */
		0901254422B9737100CD4CB6 /* AppDelegate.swift in Sources */ = {isa = PBXBuildFile; fileRef = 0901254322B9737100CD4CB6 /* AppDelegate.swift */; };
		0901254622B9737100CD4CB6 /* SearchCityViewController.swift in Sources */ = {isa = PBXBuildFile; fileRef = 0901254522B9737100CD4CB6 /* SearchCityViewController.swift */; };
		0901254922B9737100CD4CB6 /* Main.storyboard in Resources */ = {isa = PBXBuildFile; fileRef = 0901254722B9737100CD4CB6 /* Main.storyboard */; };
		0901254E22B9737300CD4CB6 /* Assets.xcassets in Resources */ = {isa = PBXBuildFile; fileRef = 0901254D22B9737300CD4CB6 /* Assets.xcassets */; };
		0901255122B9737300CD4CB6 /* LaunchScreen.storyboard in Resources */ = {isa = PBXBuildFile; fileRef = 0901254F22B9737300CD4CB6 /* LaunchScreen.storyboard */; };
		0901255C22B9737300CD4CB6 /* weatherappTests.swift in Sources */ = {isa = PBXBuildFile; fileRef = 0901255B22B9737300CD4CB6 /* weatherappTests.swift */; };
		0901256722B9737300CD4CB6 /* weatherappUITests.swift in Sources */ = {isa = PBXBuildFile; fileRef = 0901256622B9737300CD4CB6 /* weatherappUITests.swift */; };
		09045F4922BA9C8700EDBC76 /* OpenWeatherMap.swift in Sources */ = {isa = PBXBuildFile; fileRef = 09045F4822BA9C8700EDBC76 /* OpenWeatherMap.swift */; };
		09045F4B22BA9E7E00EDBC76 /* String+Extension.swift in Sources */ = {isa = PBXBuildFile; fileRef = 09045F4A22BA9E7E00EDBC76 /* String+Extension.swift */; };
		09045F4F22BAB1DA00EDBC76 /* WeatherAPI.swift in Sources */ = {isa = PBXBuildFile; fileRef = 09045F4E22BAB1DA00EDBC76 /* WeatherAPI.swift */; };
		09045F5122BAB56900EDBC76 /* Weather.swift in Sources */ = {isa = PBXBuildFile; fileRef = 09045F5022BAB56900EDBC76 /* Weather.swift */; };
		09045F5322BAC2CF00EDBC76 /* URL+Extension.swift in Sources */ = {isa = PBXBuildFile; fileRef = 09045F5222BAC2CF00EDBC76 /* URL+Extension.swift */; };
		0960929122C0C31100F080FA /* AppidPlugin.swift in Sources */ = {isa = PBXBuildFile; fileRef = 0960929022C0C31100F080FA /* AppidPlugin.swift */; };
		096092A722C22FF000F080FA /* ApplicationContext.swift in Sources */ = {isa = PBXBuildFile; fileRef = 096092A622C22FF000F080FA /* ApplicationContext.swift */; };
		096092AA22C2403F00F080FA /* SearchCityViewModel.swift in Sources */ = {isa = PBXBuildFile; fileRef = 096092A922C2403F00F080FA /* SearchCityViewModel.swift */; };
		096092AC22C2411F00F080FA /* ViewModelType.swift in Sources */ = {isa = PBXBuildFile; fileRef = 096092AB22C2411F00F080FA /* ViewModelType.swift */; };
		096092B022C246E400F080FA /* WeatherDetailsViewController.swift in Sources */ = {isa = PBXBuildFile; fileRef = 096092AF22C246E400F080FA /* WeatherDetailsViewController.swift */; };
		096092B222C246FD00F080FA /* WeatherDetailsViewModel.swift in Sources */ = {isa = PBXBuildFile; fileRef = 096092B122C246FD00F080FA /* WeatherDetailsViewModel.swift */; };
		096092B422C2479000F080FA /* citylist.json in Resources */ = {isa = PBXBuildFile; fileRef = 096092B322C2479000F080FA /* citylist.json */; };
		097F218C22C4E2B500A5B700 /* WeatherDetailsCoordinator.swift in Sources */ = {isa = PBXBuildFile; fileRef = 097F218B22C4E2B500A5B700 /* WeatherDetailsCoordinator.swift */; };
		09A1223F22C668320015053A /* WeatherDetailsAccessibleID.swift in Sources */ = {isa = PBXBuildFile; fileRef = 09A1223E22C668320015053A /* WeatherDetailsAccessibleID.swift */; };
		09A1224022C668350015053A /* WeatherDetailsAccessibleID.swift in Sources */ = {isa = PBXBuildFile; fileRef = 09A1223E22C668320015053A /* WeatherDetailsAccessibleID.swift */; };
		09E38DB822C33A4700A50457 /* City.swift in Sources */ = {isa = PBXBuildFile; fileRef = 09E38DB722C33A4700A50457 /* City.swift */; };
		09E38DBA22C33BC000A50457 /* SearchCityCoordinator.swift in Sources */ = {isa = PBXBuildFile; fileRef = 09E38DB922C33BC000A50457 /* SearchCityCoordinator.swift */; };
		09E38DBE22C3427B00A50457 /* SearchCityUseCase.swift in Sources */ = {isa = PBXBuildFile; fileRef = 09E38DBD22C3427B00A50457 /* SearchCityUseCase.swift */; };
		B5C85F24F196BFDC6FC6D2A6 /* libPods-weatherapp.a in Frameworks */ = {isa = PBXBuildFile; fileRef = 267544FC8064AE567FB442FC /* libPods-weatherapp.a */; };
/* End PBXBuildFile section */

/* Begin PBXContainerItemProxy section */
		0901255822B9737300CD4CB6 /* PBXContainerItemProxy */ = {
			isa = PBXContainerItemProxy;
			containerPortal = 0901253822B9737100CD4CB6 /* Project object */;
			proxyType = 1;
			remoteGlobalIDString = 0901253F22B9737100CD4CB6;
			remoteInfo = weatherapp;
		};
		0901256322B9737300CD4CB6 /* PBXContainerItemProxy */ = {
			isa = PBXContainerItemProxy;
			containerPortal = 0901253822B9737100CD4CB6 /* Project object */;
			proxyType = 1;
			remoteGlobalIDString = 0901253F22B9737100CD4CB6;
			remoteInfo = weatherapp;
		};
/* End PBXContainerItemProxy section */

/* Begin PBXFileReference section */
		0901254022B9737100CD4CB6 /* weatherapp.app */ = {isa = PBXFileReference; explicitFileType = wrapper.application; includeInIndex = 0; path = weatherapp.app; sourceTree = BUILT_PRODUCTS_DIR; };
		0901254322B9737100CD4CB6 /* AppDelegate.swift */ = {isa = PBXFileReference; lastKnownFileType = sourcecode.swift; path = AppDelegate.swift; sourceTree = "<group>"; };
		0901254522B9737100CD4CB6 /* SearchCityViewController.swift */ = {isa = PBXFileReference; lastKnownFileType = sourcecode.swift; path = SearchCityViewController.swift; sourceTree = "<group>"; };
		0901254822B9737100CD4CB6 /* Base */ = {isa = PBXFileReference; lastKnownFileType = file.storyboard; name = Base; path = Base.lproj/Main.storyboard; sourceTree = "<group>"; };
		0901254D22B9737300CD4CB6 /* Assets.xcassets */ = {isa = PBXFileReference; lastKnownFileType = folder.assetcatalog; path = Assets.xcassets; sourceTree = "<group>"; };
		0901255022B9737300CD4CB6 /* Base */ = {isa = PBXFileReference; lastKnownFileType = file.storyboard; name = Base; path = Base.lproj/LaunchScreen.storyboard; sourceTree = "<group>"; };
		0901255222B9737300CD4CB6 /* Info.plist */ = {isa = PBXFileReference; lastKnownFileType = text.plist.xml; path = Info.plist; sourceTree = "<group>"; };
		0901255722B9737300CD4CB6 /* weatherappTests.xctest */ = {isa = PBXFileReference; explicitFileType = wrapper.cfbundle; includeInIndex = 0; path = weatherappTests.xctest; sourceTree = BUILT_PRODUCTS_DIR; };
		0901255B22B9737300CD4CB6 /* weatherappTests.swift */ = {isa = PBXFileReference; lastKnownFileType = sourcecode.swift; path = weatherappTests.swift; sourceTree = "<group>"; };
		0901255D22B9737300CD4CB6 /* Info.plist */ = {isa = PBXFileReference; lastKnownFileType = text.plist.xml; path = Info.plist; sourceTree = "<group>"; };
		0901256222B9737300CD4CB6 /* weatherappUITests.xctest */ = {isa = PBXFileReference; explicitFileType = wrapper.cfbundle; includeInIndex = 0; path = weatherappUITests.xctest; sourceTree = BUILT_PRODUCTS_DIR; };
		0901256622B9737300CD4CB6 /* weatherappUITests.swift */ = {isa = PBXFileReference; lastKnownFileType = sourcecode.swift; path = weatherappUITests.swift; sourceTree = "<group>"; };
		0901256822B9737300CD4CB6 /* Info.plist */ = {isa = PBXFileReference; lastKnownFileType = text.plist.xml; path = Info.plist; sourceTree = "<group>"; };
		09045F4822BA9C8700EDBC76 /* OpenWeatherMap.swift */ = {isa = PBXFileReference; lastKnownFileType = sourcecode.swift; path = OpenWeatherMap.swift; sourceTree = "<group>"; };
		09045F4A22BA9E7E00EDBC76 /* String+Extension.swift */ = {isa = PBXFileReference; lastKnownFileType = sourcecode.swift; path = "String+Extension.swift"; sourceTree = "<group>"; };
		09045F4E22BAB1DA00EDBC76 /* WeatherAPI.swift */ = {isa = PBXFileReference; lastKnownFileType = sourcecode.swift; path = WeatherAPI.swift; sourceTree = "<group>"; };
		09045F5022BAB56900EDBC76 /* Weather.swift */ = {isa = PBXFileReference; lastKnownFileType = sourcecode.swift; path = Weather.swift; sourceTree = "<group>"; };
		09045F5222BAC2CF00EDBC76 /* URL+Extension.swift */ = {isa = PBXFileReference; lastKnownFileType = sourcecode.swift; path = "URL+Extension.swift"; sourceTree = "<group>"; };
		0960929022C0C31100F080FA /* AppidPlugin.swift */ = {isa = PBXFileReference; lastKnownFileType = sourcecode.swift; path = AppidPlugin.swift; sourceTree = "<group>"; };
		096092A622C22FF000F080FA /* ApplicationContext.swift */ = {isa = PBXFileReference; lastKnownFileType = sourcecode.swift; path = ApplicationContext.swift; sourceTree = "<group>"; };
		096092A922C2403F00F080FA /* SearchCityViewModel.swift */ = {isa = PBXFileReference; lastKnownFileType = sourcecode.swift; path = SearchCityViewModel.swift; sourceTree = "<group>"; };
		096092AB22C2411F00F080FA /* ViewModelType.swift */ = {isa = PBXFileReference; lastKnownFileType = sourcecode.swift; path = ViewModelType.swift; sourceTree = "<group>"; };
		096092AF22C246E400F080FA /* WeatherDetailsViewController.swift */ = {isa = PBXFileReference; lastKnownFileType = sourcecode.swift; path = WeatherDetailsViewController.swift; sourceTree = "<group>"; };
		096092B122C246FD00F080FA /* WeatherDetailsViewModel.swift */ = {isa = PBXFileReference; lastKnownFileType = sourcecode.swift; path = WeatherDetailsViewModel.swift; sourceTree = "<group>"; };
		096092B322C2479000F080FA /* citylist.json */ = {isa = PBXFileReference; fileEncoding = 4; lastKnownFileType = text.json; path = citylist.json; sourceTree = "<group>"; };
		097F218B22C4E2B500A5B700 /* WeatherDetailsCoordinator.swift */ = {isa = PBXFileReference; lastKnownFileType = sourcecode.swift; path = WeatherDetailsCoordinator.swift; sourceTree = "<group>"; };
		09A1223E22C668320015053A /* WeatherDetailsAccessibleID.swift */ = {isa = PBXFileReference; lastKnownFileType = sourcecode.swift; path = WeatherDetailsAccessibleID.swift; sourceTree = "<group>"; };
		09E38DB722C33A4700A50457 /* City.swift */ = {isa = PBXFileReference; lastKnownFileType = sourcecode.swift; path = City.swift; sourceTree = "<group>"; };
		09E38DB922C33BC000A50457 /* SearchCityCoordinator.swift */ = {isa = PBXFileReference; lastKnownFileType = sourcecode.swift; path = SearchCityCoordinator.swift; sourceTree = "<group>"; };
		09E38DBD22C3427B00A50457 /* SearchCityUseCase.swift */ = {isa = PBXFileReference; lastKnownFileType = sourcecode.swift; path = SearchCityUseCase.swift; sourceTree = "<group>"; };
		267544FC8064AE567FB442FC /* libPods-weatherapp.a */ = {isa = PBXFileReference; explicitFileType = archive.ar; includeInIndex = 0; path = "libPods-weatherapp.a"; sourceTree = BUILT_PRODUCTS_DIR; };
		2ABE5FF74AC6FCF69F117242 /* Pods-weatherapp.debug.xcconfig */ = {isa = PBXFileReference; includeInIndex = 1; lastKnownFileType = text.xcconfig; name = "Pods-weatherapp.debug.xcconfig"; path = "Pods/Target Support Files/Pods-weatherapp/Pods-weatherapp.debug.xcconfig"; sourceTree = "<group>"; };
		BC514866EC720FED4E822256 /* Pods-weatherapp.release.xcconfig */ = {isa = PBXFileReference; includeInIndex = 1; lastKnownFileType = text.xcconfig; name = "Pods-weatherapp.release.xcconfig"; path = "Pods/Target Support Files/Pods-weatherapp/Pods-weatherapp.release.xcconfig"; sourceTree = "<group>"; };
/* End PBXFileReference section */

/* Begin PBXFrameworksBuildPhase section */
		0901253D22B9737100CD4CB6 /* Frameworks */ = {
			isa = PBXFrameworksBuildPhase;
			buildActionMask = 2147483647;
			files = (
				B5C85F24F196BFDC6FC6D2A6 /* libPods-weatherapp.a in Frameworks */,
			);
			runOnlyForDeploymentPostprocessing = 0;
		};
		0901255422B9737300CD4CB6 /* Frameworks */ = {
			isa = PBXFrameworksBuildPhase;
			buildActionMask = 2147483647;
			files = (
			);
			runOnlyForDeploymentPostprocessing = 0;
		};
		0901255F22B9737300CD4CB6 /* Frameworks */ = {
			isa = PBXFrameworksBuildPhase;
			buildActionMask = 2147483647;
			files = (
			);
			runOnlyForDeploymentPostprocessing = 0;
		};
/* End PBXFrameworksBuildPhase section */

/* Begin PBXGroup section */
		0901253722B9737100CD4CB6 = {
			isa = PBXGroup;
			children = (
				0901254222B9737100CD4CB6 /* weatherapp */,
				0901255A22B9737300CD4CB6 /* weatherappTests */,
				0901256522B9737300CD4CB6 /* weatherappUITests */,
				0901254122B9737100CD4CB6 /* Products */,
				69B2A5ABDFF00128E2AC50C3 /* Pods */,
				D670E56182A0A1D816B66396 /* Frameworks */,
			);
			sourceTree = "<group>";
		};
		0901254122B9737100CD4CB6 /* Products */ = {
			isa = PBXGroup;
			children = (
				0901254022B9737100CD4CB6 /* weatherapp.app */,
				0901255722B9737300CD4CB6 /* weatherappTests.xctest */,
				0901256222B9737300CD4CB6 /* weatherappUITests.xctest */,
			);
			name = Products;
			sourceTree = "<group>";
		};
		0901254222B9737100CD4CB6 /* weatherapp */ = {
			isa = PBXGroup;
			children = (
				0901254322B9737100CD4CB6 /* AppDelegate.swift */,
				0901255222B9737300CD4CB6 /* Info.plist */,
				096092AD22C241F900F080FA /* resources */,
				09045F4722BA9A4C00EDBC76 /* server */,
				096092A422C22F9B00F080FA /* core */,
				096092A122C2093900F080FA /* scenes */,
			);
			path = weatherapp;
			sourceTree = "<group>";
		};
		0901255A22B9737300CD4CB6 /* weatherappTests */ = {
			isa = PBXGroup;
			children = (
				0901255B22B9737300CD4CB6 /* weatherappTests.swift */,
				0901255D22B9737300CD4CB6 /* Info.plist */,
			);
			path = weatherappTests;
			sourceTree = "<group>";
		};
		0901256522B9737300CD4CB6 /* weatherappUITests */ = {
			isa = PBXGroup;
			children = (
				0901256622B9737300CD4CB6 /* weatherappUITests.swift */,
				0901256822B9737300CD4CB6 /* Info.plist */,
			);
			path = weatherappUITests;
			sourceTree = "<group>";
		};
		09045F4722BA9A4C00EDBC76 /* server */ = {
			isa = PBXGroup;
			children = (
				09045F5622BACBDC00EDBC76 /* extensions */,
				09045F5522BACB9900EDBC76 /* models */,
				09045F4822BA9C8700EDBC76 /* OpenWeatherMap.swift */,
				0960929022C0C31100F080FA /* AppidPlugin.swift */,
				09045F4E22BAB1DA00EDBC76 /* WeatherAPI.swift */,
			);
			path = server;
			sourceTree = "<group>";
		};
		09045F5422BACB8900EDBC76 /* responses */ = {
			isa = PBXGroup;
			children = (
				09045F5022BAB56900EDBC76 /* Weather.swift */,
			);
			path = responses;
			sourceTree = "<group>";
		};
		09045F5522BACB9900EDBC76 /* models */ = {
			isa = PBXGroup;
			children = (
				09045F5422BACB8900EDBC76 /* responses */,
			);
			path = models;
			sourceTree = "<group>";
		};
		09045F5622BACBDC00EDBC76 /* extensions */ = {
			isa = PBXGroup;
			children = (
				09045F4A22BA9E7E00EDBC76 /* String+Extension.swift */,
				09045F5222BAC2CF00EDBC76 /* URL+Extension.swift */,
			);
			path = extensions;
			sourceTree = "<group>";
		};
		096092A122C2093900F080FA /* scenes */ = {
			isa = PBXGroup;
			children = (
				0901254722B9737100CD4CB6 /* Main.storyboard */,
				0901254F22B9737300CD4CB6 /* LaunchScreen.storyboard */,
				096092A822C23CE000F080FA /* SearchCity */,
				096092AE22C246B300F080FA /* WeatherDetails */,
			);
			path = scenes;
			sourceTree = "<group>";
		};
		096092A422C22F9B00F080FA /* core */ = {
			isa = PBXGroup;
			children = (
				09E38DC122C3440E00A50457 /* usecase */,
				09E38DBF22C343DC00A50457 /* entity */,
				096092A622C22FF000F080FA /* ApplicationContext.swift */,
				096092AB22C2411F00F080FA /* ViewModelType.swift */,
			);
			path = core;
			sourceTree = "<group>";
		};
		096092A822C23CE000F080FA /* SearchCity */ = {
			isa = PBXGroup;
			children = (
				0901254522B9737100CD4CB6 /* SearchCityViewController.swift */,
				096092A922C2403F00F080FA /* SearchCityViewModel.swift */,
				09E38DB922C33BC000A50457 /* SearchCityCoordinator.swift */,
			);
			path = SearchCity;
			sourceTree = "<group>";
		};
		096092AD22C241F900F080FA /* resources */ = {
			isa = PBXGroup;
			children = (
				0901254D22B9737300CD4CB6 /* Assets.xcassets */,
				096092B322C2479000F080FA /* citylist.json */,
			);
			path = resources;
			sourceTree = "<group>";
		};
		096092AE22C246B300F080FA /* WeatherDetails */ = {
			isa = PBXGroup;
			children = (
				096092AF22C246E400F080FA /* WeatherDetailsViewController.swift */,
				096092B122C246FD00F080FA /* WeatherDetailsViewModel.swift */,
				097F218B22C4E2B500A5B700 /* WeatherDetailsCoordinator.swift */,
				09A1223E22C668320015053A /* WeatherDetailsAccessibleID.swift */,
			);
			path = WeatherDetails;
			sourceTree = "<group>";
		};
		09E38DBF22C343DC00A50457 /* entity */ = {
			isa = PBXGroup;
			children = (
				09E38DB722C33A4700A50457 /* City.swift */,
			);
			path = entity;
			sourceTree = "<group>";
		};
		09E38DC122C3440E00A50457 /* usecase */ = {
			isa = PBXGroup;
			children = (
				09E38DBD22C3427B00A50457 /* SearchCityUseCase.swift */,
			);
			path = usecase;
			sourceTree = "<group>";
		};
		69B2A5ABDFF00128E2AC50C3 /* Pods */ = {
			isa = PBXGroup;
			children = (
				2ABE5FF74AC6FCF69F117242 /* Pods-weatherapp.debug.xcconfig */,
				BC514866EC720FED4E822256 /* Pods-weatherapp.release.xcconfig */,
			);
			name = Pods;
			sourceTree = "<group>";
		};
		D670E56182A0A1D816B66396 /* Frameworks */ = {
			isa = PBXGroup;
			children = (
				267544FC8064AE567FB442FC /* libPods-weatherapp.a */,
			);
			name = Frameworks;
			sourceTree = "<group>";
		};
/* End PBXGroup section */

/* Begin PBXNativeTarget section */
		0901253F22B9737100CD4CB6 /* weatherapp */ = {
			isa = PBXNativeTarget;
			buildConfigurationList = 0901256B22B9737300CD4CB6 /* Build configuration list for PBXNativeTarget "weatherapp" */;
			buildPhases = (
				1B0DC5C490C2B8AA239907AE /* [CP] Check Pods Manifest.lock */,
				0901253C22B9737100CD4CB6 /* Sources */,
				0901253D22B9737100CD4CB6 /* Frameworks */,
				0901253E22B9737100CD4CB6 /* Resources */,
				9B92527370518FE8348A87A8 /* [CP] Copy Pods Resources */,
			);
			buildRules = (
			);
			dependencies = (
			);
			name = weatherapp;
			productName = weatherapp;
			productReference = 0901254022B9737100CD4CB6 /* weatherapp.app */;
			productType = "com.apple.product-type.application";
		};
		0901255622B9737300CD4CB6 /* weatherappTests */ = {
			isa = PBXNativeTarget;
			buildConfigurationList = 0901256E22B9737300CD4CB6 /* Build configuration list for PBXNativeTarget "weatherappTests" */;
			buildPhases = (
				0901255322B9737300CD4CB6 /* Sources */,
				0901255422B9737300CD4CB6 /* Frameworks */,
				0901255522B9737300CD4CB6 /* Resources */,
			);
			buildRules = (
			);
			dependencies = (
				0901255922B9737300CD4CB6 /* PBXTargetDependency */,
			);
			name = weatherappTests;
			productName = weatherappTests;
			productReference = 0901255722B9737300CD4CB6 /* weatherappTests.xctest */;
			productType = "com.apple.product-type.bundle.unit-test";
		};
		0901256122B9737300CD4CB6 /* weatherappUITests */ = {
			isa = PBXNativeTarget;
			buildConfigurationList = 0901257122B9737300CD4CB6 /* Build configuration list for PBXNativeTarget "weatherappUITests" */;
			buildPhases = (
				0901255E22B9737300CD4CB6 /* Sources */,
				0901255F22B9737300CD4CB6 /* Frameworks */,
				0901256022B9737300CD4CB6 /* Resources */,
			);
			buildRules = (
			);
			dependencies = (
				0901256422B9737300CD4CB6 /* PBXTargetDependency */,
			);
			name = weatherappUITests;
			productName = weatherappUITests;
			productReference = 0901256222B9737300CD4CB6 /* weatherappUITests.xctest */;
			productType = "com.apple.product-type.bundle.ui-testing";
		};
/* End PBXNativeTarget section */

/* Begin PBXProject section */
		0901253822B9737100CD4CB6 /* Project object */ = {
			isa = PBXProject;
			attributes = {
				LastSwiftUpdateCheck = 1020;
				LastUpgradeCheck = 1020;
				ORGANIZATIONNAME = "Korfant, Tomas";
				TargetAttributes = {
					0901253F22B9737100CD4CB6 = {
						CreatedOnToolsVersion = 10.2.1;
					};
					0901255622B9737300CD4CB6 = {
						CreatedOnToolsVersion = 10.2.1;
						TestTargetID = 0901253F22B9737100CD4CB6;
					};
					0901256122B9737300CD4CB6 = {
						CreatedOnToolsVersion = 10.2.1;
						TestTargetID = 0901253F22B9737100CD4CB6;
					};
				};
			};
			buildConfigurationList = 0901253B22B9737100CD4CB6 /* Build configuration list for PBXProject "weatherapp" */;
			compatibilityVersion = "Xcode 9.3";
			developmentRegion = en;
			hasScannedForEncodings = 0;
			knownRegions = (
				en,
				Base,
			);
			mainGroup = 0901253722B9737100CD4CB6;
			productRefGroup = 0901254122B9737100CD4CB6 /* Products */;
			projectDirPath = "";
			projectRoot = "";
			targets = (
				0901253F22B9737100CD4CB6 /* weatherapp */,
				0901255622B9737300CD4CB6 /* weatherappTests */,
				0901256122B9737300CD4CB6 /* weatherappUITests */,
			);
		};
/* End PBXProject section */

/* Begin PBXResourcesBuildPhase section */
		0901253E22B9737100CD4CB6 /* Resources */ = {
			isa = PBXResourcesBuildPhase;
			buildActionMask = 2147483647;
			files = (
				0901255122B9737300CD4CB6 /* LaunchScreen.storyboard in Resources */,
				096092B422C2479000F080FA /* citylist.json in Resources */,
				0901254E22B9737300CD4CB6 /* Assets.xcassets in Resources */,
				0901254922B9737100CD4CB6 /* Main.storyboard in Resources */,
			);
			runOnlyForDeploymentPostprocessing = 0;
		};
		0901255522B9737300CD4CB6 /* Resources */ = {
			isa = PBXResourcesBuildPhase;
			buildActionMask = 2147483647;
			files = (
			);
			runOnlyForDeploymentPostprocessing = 0;
		};
		0901256022B9737300CD4CB6 /* Resources */ = {
			isa = PBXResourcesBuildPhase;
			buildActionMask = 2147483647;
			files = (
			);
			runOnlyForDeploymentPostprocessing = 0;
		};
/* End PBXResourcesBuildPhase section */

/* Begin PBXShellScriptBuildPhase section */
		1B0DC5C490C2B8AA239907AE /* [CP] Check Pods Manifest.lock */ = {
			isa = PBXShellScriptBuildPhase;
			buildActionMask = 2147483647;
			files = (
			);
			inputPaths = (
				"${PODS_PODFILE_DIR_PATH}/Podfile.lock",
				"${PODS_ROOT}/Manifest.lock",
			);
			name = "[CP] Check Pods Manifest.lock";
			outputPaths = (
				"$(DERIVED_FILE_DIR)/Pods-weatherapp-checkManifestLockResult.txt",
			);
			runOnlyForDeploymentPostprocessing = 0;
			shellPath = /bin/sh;
			shellScript = "diff \"${PODS_PODFILE_DIR_PATH}/Podfile.lock\" \"${PODS_ROOT}/Manifest.lock\" > /dev/null\nif [ $? != 0 ] ; then\n    # print error to STDERR\n    echo \"error: The sandbox is not in sync with the Podfile.lock. Run 'pod install' or update your CocoaPods installation.\" >&2\n    exit 1\nfi\n# This output is used by Xcode 'outputs' to avoid re-running this script phase.\necho \"SUCCESS\" > \"${SCRIPT_OUTPUT_FILE_0}\"\n";
			showEnvVarsInLog = 0;
		};
		9B92527370518FE8348A87A8 /* [CP] Copy Pods Resources */ = {
			isa = PBXShellScriptBuildPhase;
			buildActionMask = 2147483647;
			files = (
			);
			inputPaths = (
				"${SRCROOT}/Pods/Target Support Files/Pods-weatherapp/Pods-weatherapp-resources.sh",
				"${PODS_CONFIGURATION_BUILD_DIR}/SwiftMessages/SwiftMessages.bundle",
			);
			name = "[CP] Copy Pods Resources";
			outputPaths = (
				"${TARGET_BUILD_DIR}/${UNLOCALIZED_RESOURCES_FOLDER_PATH}/SwiftMessages.bundle",
			);
			runOnlyForDeploymentPostprocessing = 0;
			shellPath = /bin/sh;
			shellScript = "\"${SRCROOT}/Pods/Target Support Files/Pods-weatherapp/Pods-weatherapp-resources.sh\"\n";
			showEnvVarsInLog = 0;
		};
/* End PBXShellScriptBuildPhase section */

/* Begin PBXSourcesBuildPhase section */
		0901253C22B9737100CD4CB6 /* Sources */ = {
			isa = PBXSourcesBuildPhase;
			buildActionMask = 2147483647;
			files = (
				09E38DBE22C3427B00A50457 /* SearchCityUseCase.swift in Sources */,
				09045F4B22BA9E7E00EDBC76 /* String+Extension.swift in Sources */,
				09045F5322BAC2CF00EDBC76 /* URL+Extension.swift in Sources */,
				096092B022C246E400F080FA /* WeatherDetailsViewController.swift in Sources */,
				096092B222C246FD00F080FA /* WeatherDetailsViewModel.swift in Sources */,
				09045F4922BA9C8700EDBC76 /* OpenWeatherMap.swift in Sources */,
				096092AC22C2411F00F080FA /* ViewModelType.swift in Sources */,
				097F218C22C4E2B500A5B700 /* WeatherDetailsCoordinator.swift in Sources */,
				09E38DB822C33A4700A50457 /* City.swift in Sources */,
				09E38DBA22C33BC000A50457 /* SearchCityCoordinator.swift in Sources */,
				0901254622B9737100CD4CB6 /* SearchCityViewController.swift in Sources */,
				09045F4F22BAB1DA00EDBC76 /* WeatherAPI.swift in Sources */,
				0901254422B9737100CD4CB6 /* AppDelegate.swift in Sources */,
				096092A722C22FF000F080FA /* ApplicationContext.swift in Sources */,
				09A1223F22C668320015053A /* WeatherDetailsAccessibleID.swift in Sources */,
				096092AA22C2403F00F080FA /* SearchCityViewModel.swift in Sources */,
				0960929122C0C31100F080FA /* AppidPlugin.swift in Sources */,
				09045F5122BAB56900EDBC76 /* Weather.swift in Sources */,
			);
			runOnlyForDeploymentPostprocessing = 0;
		};
		0901255322B9737300CD4CB6 /* Sources */ = {
			isa = PBXSourcesBuildPhase;
			buildActionMask = 2147483647;
			files = (
				0901255C22B9737300CD4CB6 /* weatherappTests.swift in Sources */,
			);
			runOnlyForDeploymentPostprocessing = 0;
		};
		0901255E22B9737300CD4CB6 /* Sources */ = {
			isa = PBXSourcesBuildPhase;
			buildActionMask = 2147483647;
			files = (
				09A1224022C668350015053A /* WeatherDetailsAccessibleID.swift in Sources */,
				0901256722B9737300CD4CB6 /* weatherappUITests.swift in Sources */,
			);
			runOnlyForDeploymentPostprocessing = 0;
		};
/* End PBXSourcesBuildPhase section */

/* Begin PBXTargetDependency section */
		0901255922B9737300CD4CB6 /* PBXTargetDependency */ = {
			isa = PBXTargetDependency;
			target = 0901253F22B9737100CD4CB6 /* weatherapp */;
			targetProxy = 0901255822B9737300CD4CB6 /* PBXContainerItemProxy */;
		};
		0901256422B9737300CD4CB6 /* PBXTargetDependency */ = {
			isa = PBXTargetDependency;
			target = 0901253F22B9737100CD4CB6 /* weatherapp */;
			targetProxy = 0901256322B9737300CD4CB6 /* PBXContainerItemProxy */;
		};
/* End PBXTargetDependency section */

/* Begin PBXVariantGroup section */
		0901254722B9737100CD4CB6 /* Main.storyboard */ = {
			isa = PBXVariantGroup;
			children = (
				0901254822B9737100CD4CB6 /* Base */,
			);
			name = Main.storyboard;
			sourceTree = "<group>";
		};
		0901254F22B9737300CD4CB6 /* LaunchScreen.storyboard */ = {
			isa = PBXVariantGroup;
			children = (
				0901255022B9737300CD4CB6 /* Base */,
			);
			name = LaunchScreen.storyboard;
			sourceTree = "<group>";
		};
/* End PBXVariantGroup section */

/* Begin XCBuildConfiguration section */
		0901256922B9737300CD4CB6 /* Debug */ = {
			isa = XCBuildConfiguration;
			buildSettings = {
				ALWAYS_SEARCH_USER_PATHS = NO;
				CLANG_ANALYZER_NONNULL = YES;
				CLANG_ANALYZER_NUMBER_OBJECT_CONVERSION = YES_AGGRESSIVE;
				CLANG_CXX_LANGUAGE_STANDARD = "gnu++14";
				CLANG_CXX_LIBRARY = "libc++";
				CLANG_ENABLE_MODULES = YES;
				CLANG_ENABLE_OBJC_ARC = YES;
				CLANG_ENABLE_OBJC_WEAK = YES;
				CLANG_WARN_BLOCK_CAPTURE_AUTORELEASING = YES;
				CLANG_WARN_BOOL_CONVERSION = YES;
				CLANG_WARN_COMMA = YES;
				CLANG_WARN_CONSTANT_CONVERSION = YES;
				CLANG_WARN_DEPRECATED_OBJC_IMPLEMENTATIONS = YES;
				CLANG_WARN_DIRECT_OBJC_ISA_USAGE = YES_ERROR;
				CLANG_WARN_DOCUMENTATION_COMMENTS = YES;
				CLANG_WARN_EMPTY_BODY = YES;
				CLANG_WARN_ENUM_CONVERSION = YES;
				CLANG_WARN_INFINITE_RECURSION = YES;
				CLANG_WARN_INT_CONVERSION = YES;
				CLANG_WARN_NON_LITERAL_NULL_CONVERSION = YES;
				CLANG_WARN_OBJC_IMPLICIT_RETAIN_SELF = YES;
				CLANG_WARN_OBJC_LITERAL_CONVERSION = YES;
				CLANG_WARN_OBJC_ROOT_CLASS = YES_ERROR;
				CLANG_WARN_RANGE_LOOP_ANALYSIS = YES;
				CLANG_WARN_STRICT_PROTOTYPES = YES;
				CLANG_WARN_SUSPICIOUS_MOVE = YES;
				CLANG_WARN_UNGUARDED_AVAILABILITY = YES_AGGRESSIVE;
				CLANG_WARN_UNREACHABLE_CODE = YES;
				CLANG_WARN__DUPLICATE_METHOD_MATCH = YES;
				CODE_SIGN_IDENTITY = "iPhone Developer";
				COPY_PHASE_STRIP = NO;
				DEBUG_INFORMATION_FORMAT = dwarf;
				ENABLE_STRICT_OBJC_MSGSEND = YES;
				ENABLE_TESTABILITY = YES;
				GCC_C_LANGUAGE_STANDARD = gnu11;
				GCC_DYNAMIC_NO_PIC = NO;
				GCC_NO_COMMON_BLOCKS = YES;
				GCC_OPTIMIZATION_LEVEL = 0;
				GCC_PREPROCESSOR_DEFINITIONS = (
					"DEBUG=1",
					"$(inherited)",
				);
				GCC_WARN_64_TO_32_BIT_CONVERSION = YES;
				GCC_WARN_ABOUT_RETURN_TYPE = YES_ERROR;
				GCC_WARN_UNDECLARED_SELECTOR = YES;
				GCC_WARN_UNINITIALIZED_AUTOS = YES_AGGRESSIVE;
				GCC_WARN_UNUSED_FUNCTION = YES;
				GCC_WARN_UNUSED_VARIABLE = YES;
				IPHONEOS_DEPLOYMENT_TARGET = 12.2;
				MTL_ENABLE_DEBUG_INFO = INCLUDE_SOURCE;
				MTL_FAST_MATH = YES;
				ONLY_ACTIVE_ARCH = YES;
				SDKROOT = iphoneos;
				SWIFT_ACTIVE_COMPILATION_CONDITIONS = DEBUG;
				SWIFT_OPTIMIZATION_LEVEL = "-Onone";
			};
			name = Debug;
		};
		0901256A22B9737300CD4CB6 /* Release */ = {
			isa = XCBuildConfiguration;
			buildSettings = {
				ALWAYS_SEARCH_USER_PATHS = NO;
				CLANG_ANALYZER_NONNULL = YES;
				CLANG_ANALYZER_NUMBER_OBJECT_CONVERSION = YES_AGGRESSIVE;
				CLANG_CXX_LANGUAGE_STANDARD = "gnu++14";
				CLANG_CXX_LIBRARY = "libc++";
				CLANG_ENABLE_MODULES = YES;
				CLANG_ENABLE_OBJC_ARC = YES;
				CLANG_ENABLE_OBJC_WEAK = YES;
				CLANG_WARN_BLOCK_CAPTURE_AUTORELEASING = YES;
				CLANG_WARN_BOOL_CONVERSION = YES;
				CLANG_WARN_COMMA = YES;
				CLANG_WARN_CONSTANT_CONVERSION = YES;
				CLANG_WARN_DEPRECATED_OBJC_IMPLEMENTATIONS = YES;
				CLANG_WARN_DIRECT_OBJC_ISA_USAGE = YES_ERROR;
				CLANG_WARN_DOCUMENTATION_COMMENTS = YES;
				CLANG_WARN_EMPTY_BODY = YES;
				CLANG_WARN_ENUM_CONVERSION = YES;
				CLANG_WARN_INFINITE_RECURSION = YES;
				CLANG_WARN_INT_CONVERSION = YES;
				CLANG_WARN_NON_LITERAL_NULL_CONVERSION = YES;
				CLANG_WARN_OBJC_IMPLICIT_RETAIN_SELF = YES;
				CLANG_WARN_OBJC_LITERAL_CONVERSION = YES;
				CLANG_WARN_OBJC_ROOT_CLASS = YES_ERROR;
				CLANG_WARN_RANGE_LOOP_ANALYSIS = YES;
				CLANG_WARN_STRICT_PROTOTYPES = YES;
				CLANG_WARN_SUSPICIOUS_MOVE = YES;
				CLANG_WARN_UNGUARDED_AVAILABILITY = YES_AGGRESSIVE;
				CLANG_WARN_UNREACHABLE_CODE = YES;
				CLANG_WARN__DUPLICATE_METHOD_MATCH = YES;
				CODE_SIGN_IDENTITY = "iPhone Developer";
				COPY_PHASE_STRIP = NO;
				DEBUG_INFORMATION_FORMAT = "dwarf-with-dsym";
				ENABLE_NS_ASSERTIONS = NO;
				ENABLE_STRICT_OBJC_MSGSEND = YES;
				GCC_C_LANGUAGE_STANDARD = gnu11;
				GCC_NO_COMMON_BLOCKS = YES;
				GCC_WARN_64_TO_32_BIT_CONVERSION = YES;
				GCC_WARN_ABOUT_RETURN_TYPE = YES_ERROR;
				GCC_WARN_UNDECLARED_SELECTOR = YES;
				GCC_WARN_UNINITIALIZED_AUTOS = YES_AGGRESSIVE;
				GCC_WARN_UNUSED_FUNCTION = YES;
				GCC_WARN_UNUSED_VARIABLE = YES;
				IPHONEOS_DEPLOYMENT_TARGET = 12.2;
				MTL_ENABLE_DEBUG_INFO = NO;
				MTL_FAST_MATH = YES;
				SDKROOT = iphoneos;
				SWIFT_COMPILATION_MODE = wholemodule;
				SWIFT_OPTIMIZATION_LEVEL = "-O";
				VALIDATE_PRODUCT = YES;
			};
			name = Release;
		};
		0901256C22B9737300CD4CB6 /* Debug */ = {
			isa = XCBuildConfiguration;
			baseConfigurationReference = 2ABE5FF74AC6FCF69F117242 /* Pods-weatherapp.debug.xcconfig */;
			buildSettings = {
				ASSETCATALOG_COMPILER_APPICON_NAME = AppIcon;
				CODE_SIGN_STYLE = Automatic;
				INFOPLIST_FILE = weatherapp/Info.plist;
				LD_RUNPATH_SEARCH_PATHS = (
					"$(inherited)",
					"@executable_path/Frameworks",
				);
				PRODUCT_BUNDLE_IDENTIFIER = sk.korfant.weatherapp;
				PRODUCT_NAME = "$(TARGET_NAME)";
				SWIFT_VERSION = 5.0;
				TARGETED_DEVICE_FAMILY = "1,2";
			};
			name = Debug;
		};
		0901256D22B9737300CD4CB6 /* Release */ = {
			isa = XCBuildConfiguration;
			baseConfigurationReference = BC514866EC720FED4E822256 /* Pods-weatherapp.release.xcconfig */;
			buildSettings = {
				ASSETCATALOG_COMPILER_APPICON_NAME = AppIcon;
				CODE_SIGN_STYLE = Automatic;
				INFOPLIST_FILE = weatherapp/Info.plist;
				LD_RUNPATH_SEARCH_PATHS = (
					"$(inherited)",
					"@executable_path/Frameworks",
				);
				PRODUCT_BUNDLE_IDENTIFIER = sk.korfant.weatherapp;
				PRODUCT_NAME = "$(TARGET_NAME)";
				SWIFT_VERSION = 5.0;
				TARGETED_DEVICE_FAMILY = "1,2";
			};
			name = Release;
		};
		0901256F22B9737300CD4CB6 /* Debug */ = {
			isa = XCBuildConfiguration;
			buildSettings = {
				ALWAYS_EMBED_SWIFT_STANDARD_LIBRARIES = YES;
				BUNDLE_LOADER = "$(TEST_HOST)";
				CODE_SIGN_STYLE = Automatic;
				INFOPLIST_FILE = weatherappTests/Info.plist;
				LD_RUNPATH_SEARCH_PATHS = (
					"$(inherited)",
					"@executable_path/Frameworks",
					"@loader_path/Frameworks",
				);
				PRODUCT_BUNDLE_IDENTIFIER = sk.korfant.weatherappTests;
				PRODUCT_NAME = "$(TARGET_NAME)";
				SWIFT_VERSION = 5.0;
				TARGETED_DEVICE_FAMILY = "1,2";
				TEST_HOST = "$(BUILT_PRODUCTS_DIR)/weatherapp.app/weatherapp";
			};
			name = Debug;
		};
		0901257022B9737300CD4CB6 /* Release */ = {
			isa = XCBuildConfiguration;
			buildSettings = {
				ALWAYS_EMBED_SWIFT_STANDARD_LIBRARIES = YES;
				BUNDLE_LOADER = "$(TEST_HOST)";
				CODE_SIGN_STYLE = Automatic;
				INFOPLIST_FILE = weatherappTests/Info.plist;
				LD_RUNPATH_SEARCH_PATHS = (
					"$(inherited)",
					"@executable_path/Frameworks",
					"@loader_path/Frameworks",
				);
				PRODUCT_BUNDLE_IDENTIFIER = sk.korfant.weatherappTests;
				PRODUCT_NAME = "$(TARGET_NAME)";
				SWIFT_VERSION = 5.0;
				TARGETED_DEVICE_FAMILY = "1,2";
				TEST_HOST = "$(BUILT_PRODUCTS_DIR)/weatherapp.app/weatherapp";
			};
			name = Release;
		};
		0901257222B9737300CD4CB6 /* Debug */ = {
			isa = XCBuildConfiguration;
			buildSettings = {
				ALWAYS_EMBED_SWIFT_STANDARD_LIBRARIES = YES;
				CODE_SIGN_STYLE = Automatic;
				INFOPLIST_FILE = weatherappUITests/Info.plist;
				LD_RUNPATH_SEARCH_PATHS = (
					"$(inherited)",
					"@executable_path/Frameworks",
					"@loader_path/Frameworks",
				);
				PRODUCT_BUNDLE_IDENTIFIER = sk.korfant.weatherappUITests;
				PRODUCT_NAME = "$(TARGET_NAME)";
				SWIFT_VERSION = 5.0;
				TARGETED_DEVICE_FAMILY = "1,2";
				TEST_TARGET_NAME = weatherapp;
			};
			name = Debug;
		};
		0901257322B9737300CD4CB6 /* Release */ = {
			isa = XCBuildConfiguration;
			buildSettings = {
				ALWAYS_EMBED_SWIFT_STANDARD_LIBRARIES = YES;
				CODE_SIGN_STYLE = Automatic;
				INFOPLIST_FILE = weatherappUITests/Info.plist;
				LD_RUNPATH_SEARCH_PATHS = (
					"$(inherited)",
					"@executable_path/Frameworks",
					"@loader_path/Frameworks",
				);
				PRODUCT_BUNDLE_IDENTIFIER = sk.korfant.weatherappUITests;
				PRODUCT_NAME = "$(TARGET_NAME)";
				SWIFT_VERSION = 5.0;
				TARGETED_DEVICE_FAMILY = "1,2";
				TEST_TARGET_NAME = weatherapp;
			};
			name = Release;
		};
/* End XCBuildConfiguration section */

/* Begin XCConfigurationList section */
		0901253B22B9737100CD4CB6 /* Build configuration list for PBXProject "weatherapp" */ = {
			isa = XCConfigurationList;
			buildConfigurations = (
				0901256922B9737300CD4CB6 /* Debug */,
				0901256A22B9737300CD4CB6 /* Release */,
			);
			defaultConfigurationIsVisible = 0;
			defaultConfigurationName = Release;
		};
		0901256B22B9737300CD4CB6 /* Build configuration list for PBXNativeTarget "weatherapp" */ = {
			isa = XCConfigurationList;
			buildConfigurations = (
				0901256C22B9737300CD4CB6 /* Debug */,
				0901256D22B9737300CD4CB6 /* Release */,
			);
			defaultConfigurationIsVisible = 0;
			defaultConfigurationName = Release;
		};
		0901256E22B9737300CD4CB6 /* Build configuration list for PBXNativeTarget "weatherappTests" */ = {
			isa = XCConfigurationList;
			buildConfigurations = (
				0901256F22B9737300CD4CB6 /* Debug */,
				0901257022B9737300CD4CB6 /* Release */,
			);
			defaultConfigurationIsVisible = 0;
			defaultConfigurationName = Release;
		};
		0901257122B9737300CD4CB6 /* Build configuration list for PBXNativeTarget "weatherappUITests" */ = {
			isa = XCConfigurationList;
			buildConfigurations = (
				0901257222B9737300CD4CB6 /* Debug */,
				0901257322B9737300CD4CB6 /* Release */,
			);
			defaultConfigurationIsVisible = 0;
			defaultConfigurationName = Release;
		};
/* End XCConfigurationList section */
	};
	rootObject = 0901253822B9737100CD4CB6 /* Project object */;
}
